{
  "name": "duckbert",
  "version": "0.1.0",
  "lockfileVersion": 3,
  "requires": true,
  "packages": {
    "": {
      "name": "duckbert",
      "version": "0.1.0",
      "dependencies": {
        "@mujoco/mujoco": "3.6.0",
        "three": "0.178.0"
      }
    },
    "node_modules/@mujoco/mujoco": {
      "version": "3.6.0",
      "resolved": "https://registry.npmjs.org/@mujoco/mujoco/-/mujoco-3.6.0.tgz",
      "integrity": "sha512-DMZkLEUiawY6GF6eOkdjcq1uZBT/nm4wY5HmLsLtb2/tGwSoTP7oYqDyCjqkllND5EqZxwERz8adD/Wq42ZmbQ==",
      "license": "Apache-2.0"
    },
    "node_modules/three": {
      "version": "0.178.0",
      "resolved": "https://registry.npmjs.org/three/-/three-0.178.0.tgz",
      "integrity": "sha512-ybFIB0+x8mz0wnZgSGy2MO/WCO6xZhQSZnmfytSPyNpM0sBafGRVhdaj+erYh5U+RhQOAg/eXqw5uVDiM2BjhQ==",
      "license": "MIT"
    }
  }
}
